
Microsoft Visual Studio Solution File, Format Version 12.00
# Visual Studio Version 16
VisualStudioVersion = 16.0.29306.81
MinimumVisualStudioVersion = 10.0.40219.1
Project("{9A19103F-16F7-4668-BE54-9A1E7A4F7556}") = "WebApp.Identity", "WebApp.Identity\WebApp.Identity.csproj", "{648224C1-B95D-4997-B58D-89AB771BF3FD}"
EndProject
Project("{9A19103F-16F7-4668-BE54-9A1E7A4F7556}") = "WebAPI.Identity", "WebAPI.Identity\WebAPI.Identity.csproj", "{5FEA4DD9-A380-4AAB-8409-810744168201}"
EndProject
Project("{9A19103F-16F7-4668-BE54-9A1E7A4F7556}") = "WebAPI.Dominio", "WebAPI.Dominio\WebAPI.Dominio.csproj", "{C72BB46F-AE30-4312-93A3-365D9CAE90E3}"
EndProject
Project("{FAE04EC0-301F-11D3-BF4B-00C04F79EFBC}") = "WebAPI.Repository", "WebAPI.Repository\WebAPI.Repository.csproj", "{AA992A1A-39BC-4048-A423-40ED4B6B2D28}"
EndProject
Global
	GlobalSection(SolutionConfigurationPlatforms) = preSolution
		Debug|Any CPU = Debug|Any CPU
		Release|Any CPU = Release|Any CPU
	EndGlobalSection
	GlobalSection(ProjectConfigurationPlatforms) = postSolution
		{648224C1-B95D-4997-B58D-89AB771BF3FD}.Debug|Any CPU.ActiveCfg = Debug|Any CPU
		{648224C1-B95D-4997-B58D-89AB771BF3FD}.Debug|Any CPU.Build.0 = Debug|Any CPU
		{648224C1-B95D-4997-B58D-89AB771BF3FD}.Release|Any CPU.ActiveCfg = Release|Any CPU
		{648224C1-B95D-4997-B58D-89AB771BF3FD}.Release|Any CPU.Build.0 = Release|Any CPU
		{5FEA4DD9-A380-4AAB-8409-810744168201}.Debug|Any CPU.ActiveCfg = Debug|Any CPU
		{5FEA4DD9-A380-4AAB-8409-810744168201}.Debug|Any CPU.Build.0 = Debug|Any CPU
		{5FEA4DD9-A380-4AAB-8409-810744168201}.Release|Any CPU.ActiveCfg = Release|Any CPU
		{5FEA4DD9-A380-4AAB-8409-810744168201}.Release|Any CPU.Build.0 = Release|Any CPU
		{C72BB46F-AE30-4312-93A3-365D9CAE90E3}.Debug|Any CPU.ActiveCfg = Debug|Any CPU
		{C72BB46F-AE30-4312-93A3-365D9CAE90E3}.Debug|Any CPU.Build.0 = Debug|Any CPU
		{C72BB46F-AE30-4312-93A3-365D9CAE90E3}.Release|Any CPU.ActiveCfg = Release|Any CPU
		{C72BB46F-AE30-4312-93A3-365D9CAE90E3}.Release|Any CPU.Build.0 = Release|Any CPU
		{AA992A1A-39BC-4048-A423-40ED4B6B2D28}.Debug|Any CPU.ActiveCfg = Debug|Any CPU
		{AA992A1A-39BC-4048-A423-40ED4B6B2D28}.Debug|Any CPU.Build.0 = Debug|Any CPU
		{AA992A1A-39BC-4048-A423-40ED4B6B2D28}.Release|Any CPU.ActiveCfg = Release|Any CPU
		{AA992A1A-39BC-4048-A423-40ED4B6B2D28}.Release|Any CPU.Build.0 = Release|Any CPU
	EndGlobalSection
	GlobalSection(SolutionProperties) = preSolution
		HideSolutionNode = FALSE
	EndGlobalSection
	GlobalSection(ExtensibilityGlobals) = postSolution
		SolutionGuid = {9B46F4AC-942C-4CC1-A05A-F615B02CD5FF}
	EndGlobalSection
EndGlobal
